
Microsoft Visual Studio Solution File, Format Version 12.00
# Visual Studio 15
VisualStudioVersion = 15.0.27004.2005
MinimumVisualStudioVersion = 10.0.40219.1
Project("{FAE04EC0-301F-11D3-BF4B-00C04F79EFBC}") = "ProyectoNuevoMatematica", "ProyectoNuevoMatematica\ProyectoNuevoMatematica.csproj", "{5FABAD06-E23A-4A67-AFED-9CB215ABE0FE}"
EndProject
Project("{54435603-DBB4-11D2-8724-00A0C9A8B90C}") = "Instalador_Matematicas", "Instalador_Matematicas\Instalador_Matematicas.vdproj", "{93A59506-FBE5-4806-90DE-085E2AD6AFBC}"
EndProject
Global
	GlobalSection(SolutionConfigurationPlatforms) = preSolution
		Debug|Any CPU = Debug|Any CPU
		Release|Any CPU = Release|Any CPU
	EndGlobalSection
	GlobalSection(ProjectConfigurationPlatforms) = postSolution
		{5FABAD06-E23A-4A67-AFED-9CB215ABE0FE}.Debug|Any CPU.ActiveCfg = Debug|Any CPU
		{5FABAD06-E23A-4A67-AFED-9CB215ABE0FE}.Debug|Any CPU.Build.0 = Debug|Any CPU
		{5FABAD06-E23A-4A67-AFED-9CB215ABE0FE}.Release|Any CPU.ActiveCfg = Release|Any CPU
		{5FABAD06-E23A-4A67-AFED-9CB215ABE0FE}.Release|Any CPU.Build.0 = Release|Any CPU
		{93A59506-FBE5-4806-90DE-085E2AD6AFBC}.Debug|Any CPU.ActiveCfg = Debug
		{93A59506-FBE5-4806-90DE-085E2AD6AFBC}.Release|Any CPU.ActiveCfg = Release
	EndGlobalSection
	GlobalSection(SolutionProperties) = preSolution
		HideSolutionNode = FALSE
	EndGlobalSection
	GlobalSection(ExtensibilityGlobals) = postSolution
		SolutionGuid = {20A1210A-50E4-497D-9697-B27B4C1A6997}
	EndGlobalSection
EndGlobal
